
Microsoft Visual Studio Solution File, Format Version 12.00
# Visual Studio Version 17
VisualStudioVersion = 17.14.36327.8 d17.14
MinimumVisualStudioVersion = 10.0.40219.1
Project("{FAE04EC0-301F-11D3-BF4B-00C04F79EFBC}") = "BitUiNavigation", "BitUiNavigation\BitUiNavigation\BitUiNavigation.csproj", "{8CC4F23C-BF11-4170-A562-22370999DFD5}"
EndProject
Project("{FAE04EC0-301F-11D3-BF4B-00C04F79EFBC}") = "BitUiNavigation.Client", "BitUiNavigation\BitUiNavigation.Client\BitUiNavigation.Client.csproj", "{F429072A-F584-4C38-8E2D-2A51D46BFEF3}"
EndProject
Global
	GlobalSection(SolutionConfigurationPlatforms) = preSolution
		Debug|Any CPU = Debug|Any CPU
		Release|Any CPU = Release|Any CPU
	EndGlobalSection
	GlobalSection(ProjectConfigurationPlatforms) = postSolution
		{8CC4F23C-BF11-4170-A562-22370999DFD5}.Debug|Any CPU.ActiveCfg = Debug|Any CPU
		{8CC4F23C-BF11-4170-A562-22370999DFD5}.Debug|Any CPU.Build.0 = Debug|Any CPU
		{8CC4F23C-BF11-4170-A562-22370999DFD5}.Release|Any CPU.ActiveCfg = Release|Any CPU
		{8CC4F23C-BF11-4170-A562-22370999DFD5}.Release|Any CPU.Build.0 = Release|Any CPU
		{F429072A-F584-4C38-8E2D-2A51D46BFEF3}.Debug|Any CPU.ActiveCfg = Debug|Any CPU
		{F429072A-F584-4C38-8E2D-2A51D46BFEF3}.Debug|Any CPU.Build.0 = Debug|Any CPU
		{F429072A-F584-4C38-8E2D-2A51D46BFEF3}.Release|Any CPU.ActiveCfg = Release|Any CPU
		{F429072A-F584-4C38-8E2D-2A51D46BFEF3}.Release|Any CPU.Build.0 = Release|Any CPU
	EndGlobalSection
	GlobalSection(SolutionProperties) = preSolution
		HideSolutionNode = FALSE
	EndGlobalSection
	GlobalSection(ExtensibilityGlobals) = postSolution
		SolutionGuid = {06FFAB28-C864-4015-B7DD-52F046A9EE4D}
	EndGlobalSection
EndGlobal
